// !$*UTF8*$!
{
	archiveVersion = 1;
	classes = {
	};
	objectVersion = 46;
	objects = {

/* Begin PBXBuildFile section */
		4A0966B71CF2D04C00F0E7FD /* BlueToothTool.m in Sources */ = {isa = PBXBuildFile; fileRef = 4A0966B61CF2D04C00F0E7FD /* BlueToothTool.m */; };
		4A26A0641CE96E7500AE0AC9 /* MJRefreshAutoFooter.m in Sources */ = {isa = PBXBuildFile; fileRef = 4A26A03A1CE96E7500AE0AC9 /* MJRefreshAutoFooter.m */; };
		4A26A0651CE96E7500AE0AC9 /* MJRefreshBackFooter.m in Sources */ = {isa = PBXBuildFile; fileRef = 4A26A03C1CE96E7500AE0AC9 /* MJRefreshBackFooter.m */; };
		4A26A0661CE96E7500AE0AC9 /* MJRefreshComponent.m in Sources */ = {isa = PBXBuildFile; fileRef = 4A26A03E1CE96E7500AE0AC9 /* MJRefreshComponent.m */; };
		4A26A0671CE96E7500AE0AC9 /* MJRefreshFooter.m in Sources */ = {isa = PBXBuildFile; fileRef = 4A26A0401CE96E7500AE0AC9 /* MJRefreshFooter.m */; };
		4A26A0681CE96E7500AE0AC9 /* MJRefreshHeader.m in Sources */ = {isa = PBXBuildFile; fileRef = 4A26A0421CE96E7500AE0AC9 /* MJRefreshHeader.m */; };
		4A26A0691CE96E7500AE0AC9 /* MJRefreshAutoGifFooter.m in Sources */ = {isa = PBXBuildFile; fileRef = 4A26A0471CE96E7500AE0AC9 /* MJRefreshAutoGifFooter.m */; };
		4A26A06A1CE96E7500AE0AC9 /* MJRefreshAutoNormalFooter.m in Sources */ = {isa = PBXBuildFile; fileRef = 4A26A0491CE96E7500AE0AC9 /* MJRefreshAutoNormalFooter.m */; };
		4A26A06B1CE96E7500AE0AC9 /* MJRefreshAutoStateFooter.m in Sources */ = {isa = PBXBuildFile; fileRef = 4A26A04B1CE96E7500AE0AC9 /* MJRefreshAutoStateFooter.m */; };
		4A26A06C1CE96E7500AE0AC9 /* MJRefreshBackGifFooter.m in Sources */ = {isa = PBXBuildFile; fileRef = 4A26A04E1CE96E7500AE0AC9 /* MJRefreshBackGifFooter.m */; };
		4A26A06D1CE96E7500AE0AC9 /* MJRefreshBackNormalFooter.m in Sources */ = {isa = PBXBuildFile; fileRef = 4A26A0501CE96E7500AE0AC9 /* MJRefreshBackNormalFooter.m */; };
		4A26A06E1CE96E7500AE0AC9 /* MJRefreshBackStateFooter.m in Sources */ = {isa = PBXBuildFile; fileRef = 4A26A0521CE96E7500AE0AC9 /* MJRefreshBackStateFooter.m */; };
		4A26A06F1CE96E7500AE0AC9 /* MJRefreshGifHeader.m in Sources */ = {isa = PBXBuildFile; fileRef = 4A26A0551CE96E7500AE0AC9 /* MJRefreshGifHeader.m */; };
		4A26A0701CE96E7500AE0AC9 /* MJRefreshNormalHeader.m in Sources */ = {isa = PBXBuildFile; fileRef = 4A26A0571CE96E7500AE0AC9 /* MJRefreshNormalHeader.m */; };
		4A26A0711CE96E7500AE0AC9 /* MJRefreshStateHeader.m in Sources */ = {isa = PBXBuildFile; fileRef = 4A26A0591CE96E7500AE0AC9 /* MJRefreshStateHeader.m */; };
		4A26A0721CE96E7500AE0AC9 /* MJRefresh.bundle in Resources */ = {isa = PBXBuildFile; fileRef = 4A26A05A1CE96E7500AE0AC9 /* MJRefresh.bundle */; };
		4A26A0731CE96E7500AE0AC9 /* MJRefreshConst.m in Sources */ = {isa = PBXBuildFile; fileRef = 4A26A05D1CE96E7500AE0AC9 /* MJRefreshConst.m */; };
		4A26A0741CE96E7500AE0AC9 /* UIScrollView+MJExtension.m in Sources */ = {isa = PBXBuildFile; fileRef = 4A26A05F1CE96E7500AE0AC9 /* UIScrollView+MJExtension.m */; };
		4A26A0751CE96E7500AE0AC9 /* UIScrollView+MJRefresh.m in Sources */ = {isa = PBXBuildFile; fileRef = 4A26A0611CE96E7500AE0AC9 /* UIScrollView+MJRefresh.m */; };
		4A26A0761CE96E7500AE0AC9 /* UIView+MJExtension.m in Sources */ = {isa = PBXBuildFile; fileRef = 4A26A0631CE96E7500AE0AC9 /* UIView+MJExtension.m */; };
		4A32B1B71CD0B9C20025CBA4 /* main.m in Sources */ = {isa = PBXBuildFile; fileRef = 4A32B1B61CD0B9C20025CBA4 /* main.m */; };
		4A32B1BA1CD0B9C20025CBA4 /* AppDelegate.m in Sources */ = {isa = PBXBuildFile; fileRef = 4A32B1B91CD0B9C20025CBA4 /* AppDelegate.m */; };
		4A32B1C21CD0B9C20025CBA4 /* Assets.xcassets in Resources */ = {isa = PBXBuildFile; fileRef = 4A32B1C11CD0B9C20025CBA4 /* Assets.xcassets */; };
		4A32B1C51CD0B9C20025CBA4 /* LaunchScreen.storyboard in Resources */ = {isa = PBXBuildFile; fileRef = 4A32B1C31CD0B9C20025CBA4 /* LaunchScreen.storyboard */; };
		4A44BE541CED8C43009E2287 /* Info.plist in Resources */ = {isa = PBXBuildFile; fileRef = 4A44BE4F1CED8C43009E2287 /* Info.plist */; };
		4A44BE551CED8C43009E2287 /* MGSwipeButton.m in Sources */ = {isa = PBXBuildFile; fileRef = 4A44BE511CED8C43009E2287 /* MGSwipeButton.m */; };
		4A44BE561CED8C43009E2287 /* MGSwipeTableCell.m in Sources */ = {isa = PBXBuildFile; fileRef = 4A44BE531CED8C43009E2287 /* MGSwipeTableCell.m */; };
		4A44BE5A1CED9F26009E2287 /* FDAlertView.m in Sources */ = {isa = PBXBuildFile; fileRef = 4A44BE591CED9F26009E2287 /* FDAlertView.m */; };
		4A4851ED1CE42A2200C26A21 /* PeripheralViewController.xib in Resources */ = {isa = PBXBuildFile; fileRef = 4A4851EC1CE42A2200C26A21 /* PeripheralViewController.xib */; };
		4A4852191CE48BFA00C26A21 /* UICountingLabel.m in Sources */ = {isa = PBXBuildFile; fileRef = 4A4852181CE48BFA00C26A21 /* UICountingLabel.m */; };
		4A495B9D1CDAE7200056CB1B /* BaseViewController.m in Sources */ = {isa = PBXBuildFile; fileRef = 4A495B9C1CDAE7200056CB1B /* BaseViewController.m */; };
		4A496D811CDC6D680084E69B /* AboutViewController.m in Sources */ = {isa = PBXBuildFile; fileRef = 4A496D801CDC6D680084E69B /* AboutViewController.m */; };
		4A52D0791CD1A91A00D2F534 /* BabyBluetooth.m in Sources */ = {isa = PBXBuildFile; fileRef = 4A52D06A1CD1A91A00D2F534 /* BabyBluetooth.m */; };
		4A52D07A1CD1A91A00D2F534 /* BabyCallback.m in Sources */ = {isa = PBXBuildFile; fileRef = 4A52D06C1CD1A91A00D2F534 /* BabyCallback.m */; };
		4A52D07B1CD1A91A00D2F534 /* BabyCentralManager.m in Sources */ = {isa = PBXBuildFile; fileRef = 4A52D06E1CD1A91A00D2F534 /* BabyCentralManager.m */; };
		4A52D07C1CD1A91A00D2F534 /* BabyOptions.m in Sources */ = {isa = PBXBuildFile; fileRef = 4A52D0701CD1A91A00D2F534 /* BabyOptions.m */; };
		4A52D07D1CD1A91A00D2F534 /* BabyPeripheralManager.m in Sources */ = {isa = PBXBuildFile; fileRef = 4A52D0721CD1A91A00D2F534 /* BabyPeripheralManager.m */; };
		4A52D07E1CD1A91A00D2F534 /* BabyRhythm.m in Sources */ = {isa = PBXBuildFile; fileRef = 4A52D0741CD1A91A00D2F534 /* BabyRhythm.m */; };
		4A52D07F1CD1A91A00D2F534 /* BabySpeaker.m in Sources */ = {isa = PBXBuildFile; fileRef = 4A52D0761CD1A91A00D2F534 /* BabySpeaker.m */; };
		4A52D0801CD1A91A00D2F534 /* BabyToy.m in Sources */ = {isa = PBXBuildFile; fileRef = 4A52D0781CD1A91A00D2F534 /* BabyToy.m */; };
		4A52D0841CD1AD6B00D2F534 /* DevicesViewController.m in Sources */ = {isa = PBXBuildFile; fileRef = 4A52D0831CD1AD6B00D2F534 /* DevicesViewController.m */; };
		4A52D0911CD1B0A300D2F534 /* DeviceTableViewCell.m in Sources */ = {isa = PBXBuildFile; fileRef = 4A52D08F1CD1B0A300D2F534 /* DeviceTableViewCell.m */; };
		4A52D0921CD1B0A300D2F534 /* DeviceTableViewCell.xib in Resources */ = {isa = PBXBuildFile; fileRef = 4A52D0901CD1B0A300D2F534 /* DeviceTableViewCell.xib */; };
		4A52D0961CD1DB0500D2F534 /* RTDragCellTableView.m in Sources */ = {isa = PBXBuildFile; fileRef = 4A52D0951CD1DB0500D2F534 /* RTDragCellTableView.m */; };
		4A52D09A1CD1EF2000D2F534 /* TabBar.m in Sources */ = {isa = PBXBuildFile; fileRef = 4A52D0991CD1EF2000D2F534 /* TabBar.m */; };
		4A52D09D1CD1F02800D2F534 /* TabBarController.m in Sources */ = {isa = PBXBuildFile; fileRef = 4A52D09C1CD1F02800D2F534 /* TabBarController.m */; };
		4A52D0A01CD20A9B00D2F534 /* NavController.m in Sources */ = {isa = PBXBuildFile; fileRef = 4A52D09F1CD20A9B00D2F534 /* NavController.m */; };
		4A5B073A1CD856C6001525A0 /* ConvertTool.m in Sources */ = {isa = PBXBuildFile; fileRef = 4A5B07391CD856C6001525A0 /* ConvertTool.m */; };
		4A5B073C1CD8757F001525A0 /* CoreBluetooth.framework in Frameworks */ = {isa = PBXBuildFile; fileRef = 4A5B073B1CD8757F001525A0 /* CoreBluetooth.framework */; };
		4A5B07431CD87B33001525A0 /* PeripheralViewController.m in Sources */ = {isa = PBXBuildFile; fileRef = 4A5B07421CD87B33001525A0 /* PeripheralViewController.m */; };
		4A5B07491CD87CC6001525A0 /* UITableView+SDAutoTableViewCellHeight.m in Sources */ = {isa = PBXBuildFile; fileRef = 4A5B07461CD87CC6001525A0 /* UITableView+SDAutoTableViewCellHeight.m */; };
		4A5B074A1CD87CC6001525A0 /* UIView+SDAutoLayout.m in Sources */ = {isa = PBXBuildFile; fileRef = 4A5B07481CD87CC6001525A0 /* UIView+SDAutoLayout.m */; };
		4A62B2DE1CE1E57800468BC3 /* THCircularProgressView.m in Sources */ = {isa = PBXBuildFile; fileRef = 4A62B2DD1CE1E57800468BC3 /* THCircularProgressView.m */; };
		4AC9E44D1CF7EB6E002739B0 /* DisplayView.m in Sources */ = {isa = PBXBuildFile; fileRef = 4AC9E44C1CF7EB6E002739B0 /* DisplayView.m */; };
		4AC9E44F1CF7EDFE002739B0 /* DisplayView.xib in Resources */ = {isa = PBXBuildFile; fileRef = 4AC9E44E1CF7EDFE002739B0 /* DisplayView.xib */; };
		4AF434001CE3037E00F4134D /* JUSTBlueToothTool.m in Sources */ = {isa = PBXBuildFile; fileRef = 4AF433FF1CE3037E00F4134D /* JUSTBlueToothTool.m */; };
		4AFE09921CD2F93200B5517E /* SVIndefiniteAnimatedView.m in Sources */ = {isa = PBXBuildFile; fileRef = 4AFE098D1CD2F93200B5517E /* SVIndefiniteAnimatedView.m */; };
		4AFE09931CD2F93200B5517E /* SVProgressHUD.bundle in Resources */ = {isa = PBXBuildFile; fileRef = 4AFE098F1CD2F93200B5517E /* SVProgressHUD.bundle */; };
		4AFE09941CD2F93200B5517E /* SVProgressHUD.m in Sources */ = {isa = PBXBuildFile; fileRef = 4AFE09911CD2F93200B5517E /* SVProgressHUD.m */; };
		4AFE09971CD2FEBA00B5517E /* Peripheral.m in Sources */ = {isa = PBXBuildFile; fileRef = 4AFE09961CD2FEBA00B5517E /* Peripheral.m */; };
/* End PBXBuildFile section */

/* Begin PBXFileReference section */
		4A0966B51CF2D04C00F0E7FD /* BlueToothTool.h */ = {isa = PBXFileReference; fileEncoding = 4; lastKnownFileType = sourcecode.c.h; path = BlueToothTool.h; sourceTree = "<group>"; };
		4A0966B61CF2D04C00F0E7FD /* BlueToothTool.m */ = {isa = PBXFileReference; fileEncoding = 4; lastKnownFileType = sourcecode.c.objc; path = BlueToothTool.m; sourceTree = "<group>"; };
		4A26A0391CE96E7500AE0AC9 /* MJRefreshAutoFooter.h */ = {isa = PBXFileReference; fileEncoding = 4; lastKnownFileType = sourcecode.c.h; path = MJRefreshAutoFooter.h; sourceTree = "<group>"; };
		4A26A03A1CE96E7500AE0AC9 /* MJRefreshAutoFooter.m */ = {isa = PBXFileReference; fileEncoding = 4; lastKnownFileType = sourcecode.c.objc; path = MJRefreshAutoFooter.m; sourceTree = "<group>"; };
		4A26A03B1CE96E7500AE0AC9 /* MJRefreshBackFooter.h */ = {isa = PBXFileReference; fileEncoding = 4; lastKnownFileType = sourcecode.c.h; path = MJRefreshBackFooter.h; sourceTree = "<group>"; };
		4A26A03C1CE96E7500AE0AC9 /* MJRefreshBackFooter.m */ = {isa = PBXFileReference; fileEncoding = 4; lastKnownFileType = sourcecode.c.objc; path = MJRefreshBackFooter.m; sourceTree = "<group>"; };
		4A26A03D1CE96E7500AE0AC9 /* MJRefreshComponent.h */ = {isa = PBXFileReference; fileEncoding = 4; lastKnownFileType = sourcecode.c.h; path = MJRefreshComponent.h; sourceTree = "<group>"; };
		4A26A03E1CE96E7500AE0AC9 /* MJRefreshComponent.m */ = {isa = PBXFileReference; fileEncoding = 4; lastKnownFileType = sourcecode.c.objc; path = MJRefreshComponent.m; sourceTree = "<group>"; };
		4A26A03F1CE96E7500AE0AC9 /* MJRefreshFooter.h */ = {isa = PBXFileReference; fileEncoding = 4; lastKnownFileType = sourcecode.c.h; path = MJRefreshFooter.h; sourceTree = "<group>"; };
		4A26A0401CE96E7500AE0AC9 /* MJRefreshFooter.m */ = {isa = PBXFileReference; fileEncoding = 4; lastKnownFileType = sourcecode.c.objc; path = MJRefreshFooter.m; sourceTree = "<group>"; };
		4A26A0411CE96E7500AE0AC9 /* MJRefreshHeader.h */ = {isa = PBXFileReference; fileEncoding = 4; lastKnownFileType = sourcecode.c.h; path = MJRefreshHeader.h; sourceTree = "<group>"; };
		4A26A0421CE96E7500AE0AC9 /* MJRefreshHeader.m */ = {isa = PBXFileReference; fileEncoding = 4; lastKnownFileType = sourcecode.c.objc; path = MJRefreshHeader.m; sourceTree = "<group>"; };
		4A26A0461CE96E7500AE0AC9 /* MJRefreshAutoGifFooter.h */ = {isa = PBXFileReference; fileEncoding = 4; lastKnownFileType = sourcecode.c.h; path = MJRefreshAutoGifFooter.h; sourceTree = "<group>"; };
		4A26A0471CE96E7500AE0AC9 /* MJRefreshAutoGifFooter.m */ = {isa = PBXFileReference; fileEncoding = 4; lastKnownFileType = sourcecode.c.objc; path = MJRefreshAutoGifFooter.m; sourceTree = "<group>"; };
		4A26A0481CE96E7500AE0AC9 /* MJRefreshAutoNormalFooter.h */ = {isa = PBXFileReference; fileEncoding = 4; lastKnownFileType = sourcecode.c.h; path = MJRefreshAutoNormalFooter.h; sourceTree = "<group>"; };
		4A26A0491CE96E7500AE0AC9 /* MJRefreshAutoNormalFooter.m */ = {isa = PBXFileReference; fileEncoding = 4; lastKnownFileType = sourcecode.c.objc; path = MJRefreshAutoNormalFooter.m; sourceTree = "<group>"; };
		4A26A04A1CE96E7500AE0AC9 /* MJRefreshAutoStateFooter.h */ = {isa = PBXFileReference; fileEncoding = 4; lastKnownFileType = sourcecode.c.h; path = MJRefreshAutoStateFooter.h; sourceTree = "<group>"; };
		4A26A04B1CE96E7500AE0AC9 /* MJRefreshAutoStateFooter.m */ = {isa = PBXFileReference; fileEncoding = 4; lastKnownFileType = sourcecode.c.objc; path = MJRefreshAutoStateFooter.m; sourceTree = "<group>"; };
		4A26A04D1CE96E7500AE0AC9 /* MJRefreshBackGifFooter.h */ = {isa = PBXFileReference; fileEncoding = 4; lastKnownFileType = sourcecode.c.h; path = MJRefreshBackGifFooter.h; sourceTree = "<group>"; };
		4A26A04E1CE96E7500AE0AC9 /* MJRefreshBackGifFooter.m */ = {isa = PBXFileReference; fileEncoding = 4; lastKnownFileType = sourcecode.c.objc; path = MJRefreshBackGifFooter.m; sourceTree = "<group>"; };
		4A26A04F1CE96E7500AE0AC9 /* MJRefreshBackNormalFooter.h */ = {isa = PBXFileReference; fileEncoding = 4; lastKnownFileType = sourcecode.c.h; path = MJRefreshBackNormalFooter.h; sourceTree = "<group>"; };
		4A26A0501CE96E7500AE0AC9 /* MJRefreshBackNormalFooter.m */ = {isa = PBXFileReference; fileEncoding = 4; lastKnownFileType = sourcecode.c.objc; path = MJRefreshBackNormalFooter.m; sourceTree = "<group>"; };
		4A26A0511CE96E7500AE0AC9 /* MJRefreshBackStateFooter.h */ = {isa = PBXFileReference; fileEncoding = 4; lastKnownFileType = sourcecode.c.h; path = MJRefreshBackStateFooter.h; sourceTree = "<group>"; };
		4A26A0521CE96E7500AE0AC9 /* MJRefreshBackStateFooter.m */ = {isa = PBXFileReference; fileEncoding = 4; lastKnownFileType = sourcecode.c.objc; path = MJRefreshBackStateFooter.m; sourceTree = "<group>"; };
		4A26A0541CE96E7500AE0AC9 /* MJRefreshGifHeader.h */ = {isa = PBXFileReference; fileEncoding = 4; lastKnownFileType = sourcecode.c.h; path = MJRefreshGifHeader.h; sourceTree = "<group>"; };
		4A26A0551CE96E7500AE0AC9 /* MJRefreshGifHeader.m */ = {isa = PBXFileReference; fileEncoding = 4; lastKnownFileType = sourcecode.c.objc; path = MJRefreshGifHeader.m; sourceTree = "<group>"; };
		4A26A0561CE96E7500AE0AC9 /* MJRefreshNormalHeader.h */ = {isa = PBXFileReference; fileEncoding = 4; lastKnownFileType = sourcecode.c.h; path = MJRefreshNormalHeader.h; sourceTree = "<group>"; };
		4A26A0571CE96E7500AE0AC9 /* MJRefreshNormalHeader.m */ = {isa = PBXFileReference; fileEncoding = 4; lastKnownFileType = sourcecode.c.objc; path = MJRefreshNormalHeader.m; sourceTree = "<group>"; };
		4A26A0581CE96E7500AE0AC9 /* MJRefreshStateHeader.h */ = {isa = PBXFileReference; fileEncoding = 4; lastKnownFileType = sourcecode.c.h; path = MJRefreshStateHeader.h; sourceTree = "<group>"; };
		4A26A0591CE96E7500AE0AC9 /* MJRefreshStateHeader.m */ = {isa = PBXFileReference; fileEncoding = 4; lastKnownFileType = sourcecode.c.objc; path = MJRefreshStateHeader.m; sourceTree = "<group>"; };
		4A26A05A1CE96E7500AE0AC9 /* MJRefresh.bundle */ = {isa = PBXFileReference; lastKnownFileType = "wrapper.plug-in"; path = MJRefresh.bundle; sourceTree = "<group>"; };
		4A26A05B1CE96E7500AE0AC9 /* MJRefresh.h */ = {isa = PBXFileReference; fileEncoding = 4; lastKnownFileType = sourcecode.c.h; path = MJRefresh.h; sourceTree = "<group>"; };
		4A26A05C1CE96E7500AE0AC9 /* MJRefreshConst.h */ = {isa = PBXFileReference; fileEncoding = 4; lastKnownFileType = sourcecode.c.h; path = MJRefreshConst.h; sourceTree = "<group>"; };
		4A26A05D1CE96E7500AE0AC9 /* MJRefreshConst.m */ = {isa = PBXFileReference; fileEncoding = 4; lastKnownFileType = sourcecode.c.objc; path = MJRefreshConst.m; sourceTree = "<group>"; };
		4A26A05E1CE96E7500AE0AC9 /* UIScrollView+MJExtension.h */ = {isa = PBXFileReference; fileEncoding = 4; lastKnownFileType = sourcecode.c.h; path = "UIScrollView+MJExtension.h"; sourceTree = "<group>"; };
		4A26A05F1CE96E7500AE0AC9 /* UIScrollView+MJExtension.m */ = {isa = PBXFileReference; fileEncoding = 4; lastKnownFileType = sourcecode.c.objc; path = "UIScrollView+MJExtension.m"; sourceTree = "<group>"; };
		4A26A0601CE96E7500AE0AC9 /* UIScrollView+MJRefresh.h */ = {isa = PBXFileReference; fileEncoding = 4; lastKnownFileType = sourcecode.c.h; path = "UIScrollView+MJRefresh.h"; sourceTree = "<group>"; };
		4A26A0611CE96E7500AE0AC9 /* UIScrollView+MJRefresh.m */ = {isa = PBXFileReference; fileEncoding = 4; lastKnownFileType = sourcecode.c.objc; path = "UIScrollView+MJRefresh.m"; sourceTree = "<group>"; };
		4A26A0621CE96E7500AE0AC9 /* UIView+MJExtension.h */ = {isa = PBXFileReference; fileEncoding = 4; lastKnownFileType = sourcecode.c.h; path = "UIView+MJExtension.h"; sourceTree = "<group>"; };
		4A26A0631CE96E7500AE0AC9 /* UIView+MJExtension.m */ = {isa = PBXFileReference; fileEncoding = 4; lastKnownFileType = sourcecode.c.objc; path = "UIView+MJExtension.m"; sourceTree = "<group>"; };
		4A32B1B21CD0B9C20025CBA4 /* HanKe.app */ = {isa = PBXFileReference; explicitFileType = wrapper.application; includeInIndex = 0; path = HanKe.app; sourceTree = BUILT_PRODUCTS_DIR; };
		4A32B1B61CD0B9C20025CBA4 /* main.m */ = {isa = PBXFileReference; lastKnownFileType = sourcecode.c.objc; path = main.m; sourceTree = "<group>"; };
		4A32B1B81CD0B9C20025CBA4 /* AppDelegate.h */ = {isa = PBXFileReference; lastKnownFileType = sourcecode.c.h; path = AppDelegate.h; sourceTree = "<group>"; };
		4A32B1B91CD0B9C20025CBA4 /* AppDelegate.m */ = {isa = PBXFileReference; lastKnownFileType = sourcecode.c.objc; path = AppDelegate.m; sourceTree = "<group>"; };
		4A32B1C11CD0B9C20025CBA4 /* Assets.xcassets */ = {isa = PBXFileReference; lastKnownFileType = folder.assetcatalog; path = Assets.xcassets; sourceTree = "<group>"; };
		4A32B1C41CD0B9C20025CBA4 /* Base */ = {isa = PBXFileReference; lastKnownFileType = file.storyboard; name = Base; path = Base.lproj/LaunchScreen.storyboard; sourceTree = "<group>"; };
		4A32B1C61CD0B9C20025CBA4 /* Info.plist */ = {isa = PBXFileReference; lastKnownFileType = text.plist.xml; path = Info.plist; sourceTree = "<group>"; };
		4A44BE4F1CED8C43009E2287 /* Info.plist */ = {isa = PBXFileReference; fileEncoding = 4; lastKnownFileType = text.plist.xml; path = Info.plist; sourceTree = "<group>"; };
		4A44BE501CED8C43009E2287 /* MGSwipeButton.h */ = {isa = PBXFileReference; fileEncoding = 4; lastKnownFileType = sourcecode.c.h; path = MGSwipeButton.h; sourceTree = "<group>"; };
		4A44BE511CED8C43009E2287 /* MGSwipeButton.m */ = {isa = PBXFileReference; fileEncoding = 4; lastKnownFileType = sourcecode.c.objc; path = MGSwipeButton.m; sourceTree = "<group>"; };
		4A44BE521CED8C43009E2287 /* MGSwipeTableCell.h */ = {isa = PBXFileReference; fileEncoding = 4; lastKnownFileType = sourcecode.c.h; path = MGSwipeTableCell.h; sourceTree = "<group>"; };
		4A44BE531CED8C43009E2287 /* MGSwipeTableCell.m */ = {isa = PBXFileReference; fileEncoding = 4; lastKnownFileType = sourcecode.c.objc; path = MGSwipeTableCell.m; sourceTree = "<group>"; };
		4A44BE581CED9F26009E2287 /* FDAlertView.h */ = {isa = PBXFileReference; fileEncoding = 4; lastKnownFileType = sourcecode.c.h; path = FDAlertView.h; sourceTree = "<group>"; };
		4A44BE591CED9F26009E2287 /* FDAlertView.m */ = {isa = PBXFileReference; fileEncoding = 4; lastKnownFileType = sourcecode.c.objc; path = FDAlertView.m; sourceTree = "<group>"; };
		4A4851EC1CE42A2200C26A21 /* PeripheralViewController.xib */ = {isa = PBXFileReference; fileEncoding = 4; lastKnownFileType = file.xib; path = PeripheralViewController.xib; sourceTree = "<group>"; };
		4A4852171CE48BFA00C26A21 /* UICountingLabel.h */ = {isa = PBXFileReference; fileEncoding = 4; lastKnownFileType = sourcecode.c.h; path = UICountingLabel.h; sourceTree = "<group>"; };
		4A4852181CE48BFA00C26A21 /* UICountingLabel.m */ = {isa = PBXFileReference; fileEncoding = 4; lastKnownFileType = sourcecode.c.objc; path = UICountingLabel.m; sourceTree = "<group>"; };
		4A495B9B1CDAE7200056CB1B /* BaseViewController.h */ = {isa = PBXFileReference; fileEncoding = 4; lastKnownFileType = sourcecode.c.h; path = BaseViewController.h; sourceTree = "<group>"; };
		4A495B9C1CDAE7200056CB1B /* BaseViewController.m */ = {isa = PBXFileReference; fileEncoding = 4; lastKnownFileType = sourcecode.c.objc; path = BaseViewController.m; sourceTree = "<group>"; };
		4A496D7F1CDC6D680084E69B /* AboutViewController.h */ = {isa = PBXFileReference; fileEncoding = 4; lastKnownFileType = sourcecode.c.h; path = AboutViewController.h; sourceTree = "<group>"; };
		4A496D801CDC6D680084E69B /* AboutViewController.m */ = {isa = PBXFileReference; fileEncoding = 4; lastKnownFileType = sourcecode.c.objc; path = AboutViewController.m; sourceTree = "<group>"; };
		4A52D0691CD1A91A00D2F534 /* BabyBluetooth.h */ = {isa = PBXFileReference; fileEncoding = 4; lastKnownFileType = sourcecode.c.h; path = BabyBluetooth.h; sourceTree = "<group>"; };
		4A52D06A1CD1A91A00D2F534 /* BabyBluetooth.m */ = {isa = PBXFileReference; fileEncoding = 4; lastKnownFileType = sourcecode.c.objc; path = BabyBluetooth.m; sourceTree = "<group>"; };
		4A52D06B1CD1A91A00D2F534 /* BabyCallback.h */ = {isa = PBXFileReference; fileEncoding = 4; lastKnownFileType = sourcecode.c.h; path = BabyCallback.h; sourceTree = "<group>"; };
		4A52D06C1CD1A91A00D2F534 /* BabyCallback.m */ = {isa = PBXFileReference; fileEncoding = 4; lastKnownFileType = sourcecode.c.objc; path = BabyCallback.m; sourceTree = "<group>"; };
		4A52D06D1CD1A91A00D2F534 /* BabyCentralManager.h */ = {isa = PBXFileReference; fileEncoding = 4; lastKnownFileType = sourcecode.c.h; path = BabyCentralManager.h; sourceTree = "<group>"; };
		4A52D06E1CD1A91A00D2F534 /* BabyCentralManager.m */ = {isa = PBXFileReference; fileEncoding = 4; lastKnownFileType = sourcecode.c.objc; path = BabyCentralManager.m; sourceTree = "<group>"; };
		4A52D06F1CD1A91A00D2F534 /* BabyOptions.h */ = {isa = PBXFileReference; fileEncoding = 4; lastKnownFileType = sourcecode.c.h; path = BabyOptions.h; sourceTree = "<group>"; };
		4A52D0701CD1A91A00D2F534 /* BabyOptions.m */ = {isa = PBXFileReference; fileEncoding = 4; lastKnownFileType = sourcecode.c.objc; path = BabyOptions.m; sourceTree = "<group>"; };
		4A52D0711CD1A91A00D2F534 /* BabyPeripheralManager.h */ = {isa = PBXFileReference; fileEncoding = 4; lastKnownFileType = sourcecode.c.h; path = BabyPeripheralManager.h; sourceTree = "<group>"; };
		4A52D0721CD1A91A00D2F534 /* BabyPeripheralManager.m */ = {isa = PBXFileReference; fileEncoding = 4; lastKnownFileType = sourcecode.c.objc; path = BabyPeripheralManager.m; sourceTree = "<group>"; };
		4A52D0731CD1A91A00D2F534 /* BabyRhythm.h */ = {isa = PBXFileReference; fileEncoding = 4; lastKnownFileType = sourcecode.c.h; path = BabyRhythm.h; sourceTree = "<group>"; };
		4A52D0741CD1A91A00D2F534 /* BabyRhythm.m */ = {isa = PBXFileReference; fileEncoding = 4; lastKnownFileType = sourcecode.c.objc; path = BabyRhythm.m; sourceTree = "<group>"; };
		4A52D0751CD1A91A00D2F534 /* BabySpeaker.h */ = {isa = PBXFileReference; fileEncoding = 4; lastKnownFileType = sourcecode.c.h; path = BabySpeaker.h; sourceTree = "<group>"; };
		4A52D0761CD1A91A00D2F534 /* BabySpeaker.m */ = {isa = PBXFileReference; fileEncoding = 4; lastKnownFileType = sourcecode.c.objc; path = BabySpeaker.m; sourceTree = "<group>"; };
		4A52D0771CD1A91A00D2F534 /* BabyToy.h */ = {isa = PBXFileReference; fileEncoding = 4; lastKnownFileType = sourcecode.c.h; path = BabyToy.h; sourceTree = "<group>"; };
		4A52D0781CD1A91A00D2F534 /* BabyToy.m */ = {isa = PBXFileReference; fileEncoding = 4; lastKnownFileType = sourcecode.c.objc; path = BabyToy.m; sourceTree = "<group>"; };
		4A52D0811CD1A9F400D2F534 /* HanKe.pch */ = {isa = PBXFileReference; fileEncoding = 4; lastKnownFileType = sourcecode.c.h; path = HanKe.pch; sourceTree = "<group>"; };
		4A52D0821CD1AD6B00D2F534 /* DevicesViewController.h */ = {isa = PBXFileReference; fileEncoding = 4; lastKnownFileType = sourcecode.c.h; path = DevicesViewController.h; sourceTree = "<group>"; };
		4A52D0831CD1AD6B00D2F534 /* DevicesViewController.m */ = {isa = PBXFileReference; fileEncoding = 4; lastKnownFileType = sourcecode.c.objc; path = DevicesViewController.m; sourceTree = "<group>"; };
		4A52D08E1CD1B0A300D2F534 /* DeviceTableViewCell.h */ = {isa = PBXFileReference; fileEncoding = 4; lastKnownFileType = sourcecode.c.h; path = DeviceTableViewCell.h; sourceTree = "<group>"; };
		4A52D08F1CD1B0A300D2F534 /* DeviceTableViewCell.m */ = {isa = PBXFileReference; fileEncoding = 4; lastKnownFileType = sourcecode.c.objc; path = DeviceTableViewCell.m; sourceTree = "<group>"; };
		4A52D0901CD1B0A300D2F534 /* DeviceTableViewCell.xib */ = {isa = PBXFileReference; fileEncoding = 4; lastKnownFileType = file.xib; path = DeviceTableViewCell.xib; sourceTree = "<group>"; };
		4A52D0941CD1DB0500D2F534 /* RTDragCellTableView.h */ = {isa = PBXFileReference; fileEncoding = 4; lastKnownFileType = sourcecode.c.h; path = RTDragCellTableView.h; sourceTree = "<group>"; };
		4A52D0951CD1DB0500D2F534 /* RTDragCellTableView.m */ = {isa = PBXFileReference; fileEncoding = 4; lastKnownFileType = sourcecode.c.objc; path = RTDragCellTableView.m; sourceTree = "<group>"; };
		4A52D0981CD1EF2000D2F534 /* TabBar.h */ = {isa = PBXFileReference; fileEncoding = 4; lastKnownFileType = sourcecode.c.h; path = TabBar.h; sourceTree = "<group>"; };
		4A52D0991CD1EF2000D2F534 /* TabBar.m */ = {isa = PBXFileReference; fileEncoding = 4; lastKnownFileType = sourcecode.c.objc; path = TabBar.m; sourceTree = "<group>"; };
		4A52D09B1CD1F02800D2F534 /* TabBarController.h */ = {isa = PBXFileReference; fileEncoding = 4; lastKnownFileType = sourcecode.c.h; path = TabBarController.h; sourceTree = "<group>"; };
		4A52D09C1CD1F02800D2F534 /* TabBarController.m */ = {isa = PBXFileReference; fileEncoding = 4; lastKnownFileType = sourcecode.c.objc; path = TabBarController.m; sourceTree = "<group>"; };
		4A52D09E1CD20A9B00D2F534 /* NavController.h */ = {isa = PBXFileReference; fileEncoding = 4; lastKnownFileType = sourcecode.c.h; path = NavController.h; sourceTree = "<group>"; };
		4A52D09F1CD20A9B00D2F534 /* NavController.m */ = {isa = PBXFileReference; fileEncoding = 4; lastKnownFileType = sourcecode.c.objc; path = NavController.m; sourceTree = "<group>"; };
		4A5B07381CD856C6001525A0 /* ConvertTool.h */ = {isa = PBXFileReference; fileEncoding = 4; lastKnownFileType = sourcecode.c.h; name = ConvertTool.h; path = ../ConvertTool.h; sourceTree = "<group>"; };
		4A5B07391CD856C6001525A0 /* ConvertTool.m */ = {isa = PBXFileReference; fileEncoding = 4; lastKnownFileType = sourcecode.c.objc; name = ConvertTool.m; path = ../ConvertTool.m; sourceTree = "<group>"; };
		4A5B073B1CD8757F001525A0 /* CoreBluetooth.framework */ = {isa = PBXFileReference; lastKnownFileType = wrapper.framework; name = CoreBluetooth.framework; path = System/Library/Frameworks/CoreBluetooth.framework; sourceTree = SDKROOT; };
		4A5B07411CD87B33001525A0 /* PeripheralViewController.h */ = {isa = PBXFileReference; fileEncoding = 4; lastKnownFileType = sourcecode.c.h; path = PeripheralViewController.h; sourceTree = "<group>"; };
		4A5B07421CD87B33001525A0 /* PeripheralViewController.m */ = {isa = PBXFileReference; fileEncoding = 4; lastKnownFileType = sourcecode.c.objc; path = PeripheralViewController.m; sourceTree = "<group>"; };
		4A5B07451CD87CC6001525A0 /* UITableView+SDAutoTableViewCellHeight.h */ = {isa = PBXFileReference; fileEncoding = 4; lastKnownFileType = sourcecode.c.h; path = "UITableView+SDAutoTableViewCellHeight.h"; sourceTree = "<group>"; };
		4A5B07461CD87CC6001525A0 /* UITableView+SDAutoTableViewCellHeight.m */ = {isa = PBXFileReference; fileEncoding = 4; lastKnownFileType = sourcecode.c.objc; path = "UITableView+SDAutoTableViewCellHeight.m"; sourceTree = "<group>"; };
		4A5B07471CD87CC6001525A0 /* UIView+SDAutoLayout.h */ = {isa = PBXFileReference; fileEncoding = 4; lastKnownFileType = sourcecode.c.h; path = "UIView+SDAutoLayout.h"; sourceTree = "<group>"; };
		4A5B07481CD87CC6001525A0 /* UIView+SDAutoLayout.m */ = {isa = PBXFileReference; fileEncoding = 4; lastKnownFileType = sourcecode.c.objc; path = "UIView+SDAutoLayout.m"; sourceTree = "<group>"; };
		4A62B2DC1CE1E57800468BC3 /* THCircularProgressView.h */ = {isa = PBXFileReference; fileEncoding = 4; lastKnownFileType = sourcecode.c.h; path = THCircularProgressView.h; sourceTree = "<group>"; };
		4A62B2DD1CE1E57800468BC3 /* THCircularProgressView.m */ = {isa = PBXFileReference; fileEncoding = 4; lastKnownFileType = sourcecode.c.objc; path = THCircularProgressView.m; sourceTree = "<group>"; };
		4AC9E44B1CF7EB6E002739B0 /* DisplayView.h */ = {isa = PBXFileReference; fileEncoding = 4; lastKnownFileType = sourcecode.c.h; path = DisplayView.h; sourceTree = "<group>"; };
		4AC9E44C1CF7EB6E002739B0 /* DisplayView.m */ = {isa = PBXFileReference; fileEncoding = 4; lastKnownFileType = sourcecode.c.objc; path = DisplayView.m; sourceTree = "<group>"; };
		4AC9E44E1CF7EDFE002739B0 /* DisplayView.xib */ = {isa = PBXFileReference; fileEncoding = 4; lastKnownFileType = file.xib; path = DisplayView.xib; sourceTree = "<group>"; };
		4AF433FE1CE3037E00F4134D /* JUSTBlueToothTool.h */ = {isa = PBXFileReference; fileEncoding = 4; lastKnownFileType = sourcecode.c.h; path = JUSTBlueToothTool.h; sourceTree = "<group>"; };
		4AF433FF1CE3037E00F4134D /* JUSTBlueToothTool.m */ = {isa = PBXFileReference; fileEncoding = 4; lastKnownFileType = sourcecode.c.objc; path = JUSTBlueToothTool.m; sourceTree = "<group>"; };
		4AFE098C1CD2F93200B5517E /* SVIndefiniteAnimatedView.h */ = {isa = PBXFileReference; fileEncoding = 4; lastKnownFileType = sourcecode.c.h; path = SVIndefiniteAnimatedView.h; sourceTree = "<group>"; };
		4AFE098D1CD2F93200B5517E /* SVIndefiniteAnimatedView.m */ = {isa = PBXFileReference; fileEncoding = 4; lastKnownFileType = sourcecode.c.objc; path = SVIndefiniteAnimatedView.m; sourceTree = "<group>"; };
		4AFE098E1CD2F93200B5517E /* SVProgressHUD-Prefix.pch */ = {isa = PBXFileReference; fileEncoding = 4; lastKnownFileType = sourcecode.c.h; path = "SVProgressHUD-Prefix.pch"; sourceTree = "<group>"; };
		4AFE098F1CD2F93200B5517E /* SVProgressHUD.bundle */ = {isa = PBXFileReference; lastKnownFileType = "wrapper.plug-in"; path = SVProgressHUD.bundle; sourceTree = "<group>"; };
		4AFE09901CD2F93200B5517E /* SVProgressHUD.h */ = {isa = PBXFileReference; fileEncoding = 4; lastKnownFileType = sourcecode.c.h; path = SVProgressHUD.h; sourceTree = "<group>"; };
		4AFE09911CD2F93200B5517E /* SVProgressHUD.m */ = {isa = PBXFileReference; fileEncoding = 4; lastKnownFileType = sourcecode.c.objc; path = SVProgressHUD.m; sourceTree = "<group>"; };
		4AFE09951CD2FEBA00B5517E /* Peripheral.h */ = {isa = PBXFileReference; fileEncoding = 4; lastKnownFileType = sourcecode.c.h; name = Peripheral.h; path = ../../Searching/Model/Peripheral.h; sourceTree = "<group>"; };
		4AFE09961CD2FEBA00B5517E /* Peripheral.m */ = {isa = PBXFileReference; fileEncoding = 4; lastKnownFileType = sourcecode.c.objc; name = Peripheral.m; path = ../../Searching/Model/Peripheral.m; sourceTree = "<group>"; };
/* End PBXFileReference section */

/* Begin PBXFrameworksBuildPhase section */
		4A32B1AF1CD0B9C20025CBA4 /* Frameworks */ = {
			isa = PBXFrameworksBuildPhase;
			buildActionMask = 2147483647;
			files = (
				4A5B073C1CD8757F001525A0 /* CoreBluetooth.framework in Frameworks */,
			);
			runOnlyForDeploymentPostprocessing = 0;
		};
/* End PBXFrameworksBuildPhase section */

/* Begin PBXGroup section */
		4A26A0371CE96E7500AE0AC9 /* MJRefresh */ = {
			isa = PBXGroup;
			children = (
				4A26A0381CE96E7500AE0AC9 /* Base */,
				4A26A0431CE96E7500AE0AC9 /* Custom */,
				4A26A05A1CE96E7500AE0AC9 /* MJRefresh.bundle */,
				4A26A05B1CE96E7500AE0AC9 /* MJRefresh.h */,
				4A26A05C1CE96E7500AE0AC9 /* MJRefreshConst.h */,
				4A26A05D1CE96E7500AE0AC9 /* MJRefreshConst.m */,
				4A26A05E1CE96E7500AE0AC9 /* UIScrollView+MJExtension.h */,
				4A26A05F1CE96E7500AE0AC9 /* UIScrollView+MJExtension.m */,
				4A26A0601CE96E7500AE0AC9 /* UIScrollView+MJRefresh.h */,
				4A26A0611CE96E7500AE0AC9 /* UIScrollView+MJRefresh.m */,
				4A26A0621CE96E7500AE0AC9 /* UIView+MJExtension.h */,
				4A26A0631CE96E7500AE0AC9 /* UIView+MJExtension.m */,
			);
			path = MJRefresh;
			sourceTree = "<group>";
		};
		4A26A0381CE96E7500AE0AC9 /* Base */ = {
			isa = PBXGroup;
			children = (
				4A26A0391CE96E7500AE0AC9 /* MJRefreshAutoFooter.h */,
				4A26A03A1CE96E7500AE0AC9 /* MJRefreshAutoFooter.m */,
				4A26A03B1CE96E7500AE0AC9 /* MJRefreshBackFooter.h */,
				4A26A03C1CE96E7500AE0AC9 /* MJRefreshBackFooter.m */,
				4A26A03D1CE96E7500AE0AC9 /* MJRefreshComponent.h */,
				4A26A03E1CE96E7500AE0AC9 /* MJRefreshComponent.m */,
				4A26A03F1CE96E7500AE0AC9 /* MJRefreshFooter.h */,
				4A26A0401CE96E7500AE0AC9 /* MJRefreshFooter.m */,
				4A26A0411CE96E7500AE0AC9 /* MJRefreshHeader.h */,
				4A26A0421CE96E7500AE0AC9 /* MJRefreshHeader.m */,
			);
			path = Base;
			sourceTree = "<group>";
		};
		4A26A0431CE96E7500AE0AC9 /* Custom */ = {
			isa = PBXGroup;
			children = (
				4A26A0441CE96E7500AE0AC9 /* Footer */,
				4A26A0531CE96E7500AE0AC9 /* Header */,
			);
			path = Custom;
			sourceTree = "<group>";
		};
		4A26A0441CE96E7500AE0AC9 /* Footer */ = {
			isa = PBXGroup;
			children = (
				4A26A0451CE96E7500AE0AC9 /* Auto */,
				4A26A04C1CE96E7500AE0AC9 /* Back */,
			);
			path = Footer;
			sourceTree = "<group>";
		};
		4A26A0451CE96E7500AE0AC9 /* Auto */ = {
			isa = PBXGroup;
			children = (
				4A26A0461CE96E7500AE0AC9 /* MJRefreshAutoGifFooter.h */,
				4A26A0471CE96E7500AE0AC9 /* MJRefreshAutoGifFooter.m */,
				4A26A0481CE96E7500AE0AC9 /* MJRefreshAutoNormalFooter.h */,
				4A26A0491CE96E7500AE0AC9 /* MJRefreshAutoNormalFooter.m */,
				4A26A04A1CE96E7500AE0AC9 /* MJRefreshAutoStateFooter.h */,
				4A26A04B1CE96E7500AE0AC9 /* MJRefreshAutoStateFooter.m */,
			);
			path = Auto;
			sourceTree = "<group>";
		};
		4A26A04C1CE96E7500AE0AC9 /* Back */ = {
			isa = PBXGroup;
			children = (
				4A26A04D1CE96E7500AE0AC9 /* MJRefreshBackGifFooter.h */,
				4A26A04E1CE96E7500AE0AC9 /* MJRefreshBackGifFooter.m */,
				4A26A04F1CE96E7500AE0AC9 /* MJRefreshBackNormalFooter.h */,
				4A26A0501CE96E7500AE0AC9 /* MJRefreshBackNormalFooter.m */,
				4A26A0511CE96E7500AE0AC9 /* MJRefreshBackStateFooter.h */,
				4A26A0521CE96E7500AE0AC9 /* MJRefreshBackStateFooter.m */,
			);
			path = Back;
			sourceTree = "<group>";
		};
		4A26A0531CE96E7500AE0AC9 /* Header */ = {
			isa = PBXGroup;
			children = (
				4A26A0541CE96E7500AE0AC9 /* MJRefreshGifHeader.h */,
				4A26A0551CE96E7500AE0AC9 /* MJRefreshGifHeader.m */,
				4A26A0561CE96E7500AE0AC9 /* MJRefreshNormalHeader.h */,
				4A26A0571CE96E7500AE0AC9 /* MJRefreshNormalHeader.m */,
				4A26A0581CE96E7500AE0AC9 /* MJRefreshStateHeader.h */,
				4A26A0591CE96E7500AE0AC9 /* MJRefreshStateHeader.m */,
			);
			path = Header;
			sourceTree = "<group>";
		};
		4A32B1A91CD0B9C20025CBA4 = {
			isa = PBXGroup;
			children = (
				4A5B073B1CD8757F001525A0 /* CoreBluetooth.framework */,
				4A32B1B41CD0B9C20025CBA4 /* HanKe */,
				4A32B1B31CD0B9C20025CBA4 /* Products */,
			);
			sourceTree = "<group>";
		};
		4A32B1B31CD0B9C20025CBA4 /* Products */ = {
			isa = PBXGroup;
			children = (
				4A32B1B21CD0B9C20025CBA4 /* HanKe.app */,
			);
			name = Products;
			sourceTree = "<group>";
		};
		4A32B1B41CD0B9C20025CBA4 /* HanKe */ = {
			isa = PBXGroup;
			children = (
				4A52D0561CD1A87E00D2F534 /* Classes */,
			);
			path = HanKe;
			sourceTree = "<group>";
		};
		4A32B1B51CD0B9C20025CBA4 /* Supporting Files */ = {
			isa = PBXGroup;
			children = (
				4A32B1C11CD0B9C20025CBA4 /* Assets.xcassets */,
				4A32B1B61CD0B9C20025CBA4 /* main.m */,
				4A32B1C61CD0B9C20025CBA4 /* Info.plist */,
				4A32B1B81CD0B9C20025CBA4 /* AppDelegate.h */,
				4A32B1B91CD0B9C20025CBA4 /* AppDelegate.m */,
				4A32B1C31CD0B9C20025CBA4 /* LaunchScreen.storyboard */,
				4A52D0811CD1A9F400D2F534 /* HanKe.pch */,
			);
			name = "Supporting Files";
			path = ..;
			sourceTree = "<group>";
		};
		4A44BE4E1CED8C43009E2287 /* MGSwipeTableCell */ = {
			isa = PBXGroup;
			children = (
				4A44BE4F1CED8C43009E2287 /* Info.plist */,
				4A44BE501CED8C43009E2287 /* MGSwipeButton.h */,
				4A44BE511CED8C43009E2287 /* MGSwipeButton.m */,
				4A44BE521CED8C43009E2287 /* MGSwipeTableCell.h */,
				4A44BE531CED8C43009E2287 /* MGSwipeTableCell.m */,
			);
			path = MGSwipeTableCell;
			sourceTree = "<group>";
		};
		4A44BE571CED9F26009E2287 /* FDAlertView */ = {
			isa = PBXGroup;
			children = (
				4A44BE581CED9F26009E2287 /* FDAlertView.h */,
				4A44BE591CED9F26009E2287 /* FDAlertView.m */,
			);
			path = FDAlertView;
			sourceTree = "<group>";
		};
		4A44BE5B1CEDAD6B009E2287 /* customView */ = {
			isa = PBXGroup;
			children = (
				4A62B2DC1CE1E57800468BC3 /* THCircularProgressView.h */,
				4A62B2DD1CE1E57800468BC3 /* THCircularProgressView.m */,
				4A4852171CE48BFA00C26A21 /* UICountingLabel.h */,
				4A4852181CE48BFA00C26A21 /* UICountingLabel.m */,
				4AC9E44B1CF7EB6E002739B0 /* DisplayView.h */,
				4AC9E44C1CF7EB6E002739B0 /* DisplayView.m */,
				4AC9E44E1CF7EDFE002739B0 /* DisplayView.xib */,
			);
			name = customView;
			sourceTree = "<group>";
		};
		4A495B9A1CDAE6F80056CB1B /* BaseController */ = {
			isa = PBXGroup;
			children = (
				4A52D0981CD1EF2000D2F534 /* TabBar.h */,
				4A52D0991CD1EF2000D2F534 /* TabBar.m */,
				4A52D09B1CD1F02800D2F534 /* TabBarController.h */,
				4A52D09C1CD1F02800D2F534 /* TabBarController.m */,
				4A52D09E1CD20A9B00D2F534 /* NavController.h */,
				4A52D09F1CD20A9B00D2F534 /* NavController.m */,
				4A495B9B1CDAE7200056CB1B /* BaseViewController.h */,
				4A495B9C1CDAE7200056CB1B /* BaseViewController.m */,
			);
			name = BaseController;
			sourceTree = "<group>";
		};
		4A496D7D1CDC6D4A0084E69B /* About(关于界面) */ = {
			isa = PBXGroup;
			children = (
				4A496D7E1CDC6D4A0084E69B /* Controller */,
			);
			name = "About(关于界面)";
			path = About;
			sourceTree = "<group>";
		};
		4A496D7E1CDC6D4A0084E69B /* Controller */ = {
			isa = PBXGroup;
			children = (
				4A496D7F1CDC6D680084E69B /* AboutViewController.h */,
				4A496D801CDC6D680084E69B /* AboutViewController.m */,
			);
			path = Controller;
			sourceTree = "<group>";
		};
		4A52D0561CD1A87E00D2F534 /* Classes */ = {
			isa = PBXGroup;
			children = (
				4A32B1B51CD0B9C20025CBA4 /* Supporting Files */,
				4A52D0571CD1A87E00D2F534 /* Extension(延展) */,
				4A52D0971CD1EEF100D2F534 /* custom(自定义) */,
				4A52D0581CD1A87E00D2F534 /* Lib(第三方) */,
				4A52D0671CD1A87E00D2F534 /* Tools(工具类) */,
				4A52D0591CD1A87E00D2F534 /* Main(主要) */,
				4A52D0661CD1A87E00D2F534 /* Others(其他) */,
			);
			path = Classes;
			sourceTree = "<group>";
		};
		4A52D0571CD1A87E00D2F534 /* Extension(延展) */ = {
			isa = PBXGroup;
			children = (
			);
			name = "Extension(延展)";
			path = Extension;
			sourceTree = "<group>";
		};
		4A52D0581CD1A87E00D2F534 /* Lib(第三方) */ = {
			isa = PBXGroup;
			children = (
				4A44BE571CED9F26009E2287 /* FDAlertView */,
				4A44BE4E1CED8C43009E2287 /* MGSwipeTableCell */,
				4A26A0371CE96E7500AE0AC9 /* MJRefresh */,
				4A5B07441CD87CC6001525A0 /* SDAutoLayout */,
				4AFE098B1CD2F93200B5517E /* SVProgressHUD */,
				4A52D0931CD1DB0500D2F534 /* RTDragCellTableView */,
				4A52D0681CD1A91A00D2F534 /* BaByBluetooth */,
			);
			name = "Lib(第三方)";
			path = Lib;
			sourceTree = "<group>";
		};
		4A52D0591CD1A87E00D2F534 /* Main(主要) */ = {
			isa = PBXGroup;
			children = (
				4A496D7D1CDC6D4A0084E69B /* About(关于界面) */,
				4A5B073D1CD87AB3001525A0 /* Peripheral(水疗界面) */,
				4A52D05A1CD1A87E00D2F534 /* Devices(设备界面) */,
			);
			name = "Main(主要)";
			path = Main;
			sourceTree = "<group>";
		};
		4A52D05A1CD1A87E00D2F534 /* Devices(设备界面) */ = {
			isa = PBXGroup;
			children = (
				4A52D05B1CD1A87E00D2F534 /* Controller */,
				4A52D05C1CD1A87E00D2F534 /* Model */,
				4A52D05D1CD1A87E00D2F534 /* View */,
			);
			name = "Devices(设备界面)";
			path = Devices;
			sourceTree = "<group>";
		};
		4A52D05B1CD1A87E00D2F534 /* Controller */ = {
			isa = PBXGroup;
			children = (
				4A52D0821CD1AD6B00D2F534 /* DevicesViewController.h */,
				4A52D0831CD1AD6B00D2F534 /* DevicesViewController.m */,
			);
			path = Controller;
			sourceTree = "<group>";
		};
		4A52D05C1CD1A87E00D2F534 /* Model */ = {
			isa = PBXGroup;
			children = (
				4AFE09951CD2FEBA00B5517E /* Peripheral.h */,
				4AFE09961CD2FEBA00B5517E /* Peripheral.m */,
			);
			path = Model;
			sourceTree = "<group>";
		};
		4A52D05D1CD1A87E00D2F534 /* View */ = {
			isa = PBXGroup;
			children = (
				4A52D08E1CD1B0A300D2F534 /* DeviceTableViewCell.h */,
				4A52D08F1CD1B0A300D2F534 /* DeviceTableViewCell.m */,
				4A52D0901CD1B0A300D2F534 /* DeviceTableViewCell.xib */,
			);
			path = View;
			sourceTree = "<group>";
		};
		4A52D0661CD1A87E00D2F534 /* Others(其他) */ = {
			isa = PBXGroup;
			children = (
			);
			name = "Others(其他)";
			path = Others;
			sourceTree = "<group>";
		};
		4A52D0671CD1A87E00D2F534 /* Tools(工具类) */ = {
			isa = PBXGroup;
			children = (
				4AF433FD1CE3035C00F4134D /* BlueToothTool */,
			);
			name = "Tools(工具类)";
			path = Tools;
			sourceTree = "<group>";
		};
		4A52D0681CD1A91A00D2F534 /* BaByBluetooth */ = {
			isa = PBXGroup;
			children = (
				4A52D0691CD1A91A00D2F534 /* BabyBluetooth.h */,
				4A52D06A1CD1A91A00D2F534 /* BabyBluetooth.m */,
				4A52D06B1CD1A91A00D2F534 /* BabyCallback.h */,
				4A52D06C1CD1A91A00D2F534 /* BabyCallback.m */,
				4A52D06D1CD1A91A00D2F534 /* BabyCentralManager.h */,
				4A52D06E1CD1A91A00D2F534 /* BabyCentralManager.m */,
				4A52D06F1CD1A91A00D2F534 /* BabyOptions.h */,
				4A52D0701CD1A91A00D2F534 /* BabyOptions.m */,
				4A52D0711CD1A91A00D2F534 /* BabyPeripheralManager.h */,
				4A52D0721CD1A91A00D2F534 /* BabyPeripheralManager.m */,
				4A52D0731CD1A91A00D2F534 /* BabyRhythm.h */,
				4A52D0741CD1A91A00D2F534 /* BabyRhythm.m */,
				4A52D0751CD1A91A00D2F534 /* BabySpeaker.h */,
				4A52D0761CD1A91A00D2F534 /* BabySpeaker.m */,
				4A52D0771CD1A91A00D2F534 /* BabyToy.h */,
				4A52D0781CD1A91A00D2F534 /* BabyToy.m */,
			);
			path = BaByBluetooth;
			sourceTree = "<group>";
		};
		4A52D0931CD1DB0500D2F534 /* RTDragCellTableView */ = {
			isa = PBXGroup;
			children = (
				4A52D0941CD1DB0500D2F534 /* RTDragCellTableView.h */,
				4A52D0951CD1DB0500D2F534 /* RTDragCellTableView.m */,
			);
			path = RTDragCellTableView;
			sourceTree = "<group>";
		};
		4A52D0971CD1EEF100D2F534 /* custom(自定义) */ = {
			isa = PBXGroup;
			children = (
				4A44BE5B1CEDAD6B009E2287 /* customView */,
				4A495B9A1CDAE6F80056CB1B /* BaseController */,
			);
			name = "custom(自定义)";
			path = custom;
			sourceTree = "<group>";
		};
		4A5B073D1CD87AB3001525A0 /* Peripheral(水疗界面) */ = {
			isa = PBXGroup;
			children = (
				4A5B073E1CD87AB3001525A0 /* Controller */,
				4A5B073F1CD87AB3001525A0 /* Model */,
				4A5B07401CD87AB3001525A0 /* View */,
			);
			name = "Peripheral(水疗界面)";
			path = Peripheral;
			sourceTree = "<group>";
		};
		4A5B073E1CD87AB3001525A0 /* Controller */ = {
			isa = PBXGroup;
			children = (
				4A5B07411CD87B33001525A0 /* PeripheralViewController.h */,
				4A5B07421CD87B33001525A0 /* PeripheralViewController.m */,
				4A4851EC1CE42A2200C26A21 /* PeripheralViewController.xib */,
			);
			path = Controller;
			sourceTree = "<group>";
		};
		4A5B073F1CD87AB3001525A0 /* Model */ = {
			isa = PBXGroup;
			children = (
			);
			path = Model;
			sourceTree = "<group>";
		};
		4A5B07401CD87AB3001525A0 /* View */ = {
			isa = PBXGroup;
			children = (
			);
			path = View;
			sourceTree = "<group>";
		};
		4A5B07441CD87CC6001525A0 /* SDAutoLayout */ = {
			isa = PBXGroup;
			children = (
				4A5B07451CD87CC6001525A0 /* UITableView+SDAutoTableViewCellHeight.h */,
				4A5B07461CD87CC6001525A0 /* UITableView+SDAutoTableViewCellHeight.m */,
				4A5B07471CD87CC6001525A0 /* UIView+SDAutoLayout.h */,
				4A5B07481CD87CC6001525A0 /* UIView+SDAutoLayout.m */,
			);
			path = SDAutoLayout;
			sourceTree = "<group>";
		};
		4AF433FD1CE3035C00F4134D /* BlueToothTool */ = {
			isa = PBXGroup;
			children = (
				4AF433FE1CE3037E00F4134D /* JUSTBlueToothTool.h */,
				4AF433FF1CE3037E00F4134D /* JUSTBlueToothTool.m */,
				4A5B07381CD856C6001525A0 /* ConvertTool.h */,
				4A5B07391CD856C6001525A0 /* ConvertTool.m */,
				4A0966B51CF2D04C00F0E7FD /* BlueToothTool.h */,
				4A0966B61CF2D04C00F0E7FD /* BlueToothTool.m */,
			);
			name = BlueToothTool;
			path = ../custom/BlueToothTool;
			sourceTree = "<group>";
		};
		4AFE098B1CD2F93200B5517E /* SVProgressHUD */ = {
			isa = PBXGroup;
			children = (
				4AFE098C1CD2F93200B5517E /* SVIndefiniteAnimatedView.h */,
				4AFE098D1CD2F93200B5517E /* SVIndefiniteAnimatedView.m */,
				4AFE098E1CD2F93200B5517E /* SVProgressHUD-Prefix.pch */,
				4AFE098F1CD2F93200B5517E /* SVProgressHUD.bundle */,
				4AFE09901CD2F93200B5517E /* SVProgressHUD.h */,
				4AFE09911CD2F93200B5517E /* SVProgressHUD.m */,
			);
			path = SVProgressHUD;
			sourceTree = "<group>";
		};
/* End PBXGroup section */

/* Begin PBXNativeTarget section */
		4A32B1B11CD0B9C20025CBA4 /* HanKe */ = {
			isa = PBXNativeTarget;
			buildConfigurationList = 4A32B1C91CD0B9C20025CBA4 /* Build configuration list for PBXNativeTarget "HanKe" */;
			buildPhases = (
				4A32B1AE1CD0B9C20025CBA4 /* Sources */,
				4A32B1AF1CD0B9C20025CBA4 /* Frameworks */,
				4A32B1B01CD0B9C20025CBA4 /* Resources */,
			);
			buildRules = (
			);
			dependencies = (
			);
			name = HanKe;
			productName = HanKe;
			productReference = 4A32B1B21CD0B9C20025CBA4 /* HanKe.app */;
			productType = "com.apple.product-type.application";
		};
/* End PBXNativeTarget section */

/* Begin PBXProject section */
		4A32B1AA1CD0B9C20025CBA4 /* Project object */ = {
			isa = PBXProject;
			attributes = {
				CLASSPREFIX = "";
				LastUpgradeCheck = 0730;
				ORGANIZATIONNAME = "JUST-HYC";
				TargetAttributes = {
					4A32B1B11CD0B9C20025CBA4 = {
						CreatedOnToolsVersion = 7.3;
						DevelopmentTeam = U5X88348TK;
					};
				};
			};
			buildConfigurationList = 4A32B1AD1CD0B9C20025CBA4 /* Build configuration list for PBXProject "HanKe" */;
			compatibilityVersion = "Xcode 3.2";
			developmentRegion = English;
			hasScannedForEncodings = 0;
			knownRegions = (
				en,
				Base,
			);
			mainGroup = 4A32B1A91CD0B9C20025CBA4;
			productRefGroup = 4A32B1B31CD0B9C20025CBA4 /* Products */;
			projectDirPath = "";
			projectRoot = "";
			targets = (
				4A32B1B11CD0B9C20025CBA4 /* HanKe */,
			);
		};
/* End PBXProject section */

/* Begin PBXResourcesBuildPhase section */
		4A32B1B01CD0B9C20025CBA4 /* Resources */ = {
			isa = PBXResourcesBuildPhase;
			buildActionMask = 2147483647;
			files = (
				4A32B1C51CD0B9C20025CBA4 /* LaunchScreen.storyboard in Resources */,
				4AC9E44F1CF7EDFE002739B0 /* DisplayView.xib in Resources */,
				4A52D0921CD1B0A300D2F534 /* DeviceTableViewCell.xib in Resources */,
				4A26A0721CE96E7500AE0AC9 /* MJRefresh.bundle in Resources */,
				4A4851ED1CE42A2200C26A21 /* PeripheralViewController.xib in Resources */,
				4A32B1C21CD0B9C20025CBA4 /* Assets.xcassets in Resources */,
				4AFE09931CD2F93200B5517E /* SVProgressHUD.bundle in Resources */,
				4A44BE541CED8C43009E2287 /* Info.plist in Resources */,
			);
			runOnlyForDeploymentPostprocessing = 0;
		};
/* End PBXResourcesBuildPhase section */

/* Begin PBXSourcesBuildPhase section */
		4A32B1AE1CD0B9C20025CBA4 /* Sources */ = {
			isa = PBXSourcesBuildPhase;
			buildActionMask = 2147483647;
			files = (
				4A26A0731CE96E7500AE0AC9 /* MJRefreshConst.m in Sources */,
				4A52D0801CD1A91A00D2F534 /* BabyToy.m in Sources */,
				4A32B1BA1CD0B9C20025CBA4 /* AppDelegate.m in Sources */,
				4A52D07C1CD1A91A00D2F534 /* BabyOptions.m in Sources */,
				4A26A06D1CE96E7500AE0AC9 /* MJRefreshBackNormalFooter.m in Sources */,
				4A26A0701CE96E7500AE0AC9 /* MJRefreshNormalHeader.m in Sources */,
				4A44BE561CED8C43009E2287 /* MGSwipeTableCell.m in Sources */,
				4A4852191CE48BFA00C26A21 /* UICountingLabel.m in Sources */,
				4A62B2DE1CE1E57800468BC3 /* THCircularProgressView.m in Sources */,
				4AFE09971CD2FEBA00B5517E /* Peripheral.m in Sources */,
				4A44BE551CED8C43009E2287 /* MGSwipeButton.m in Sources */,
				4A26A0641CE96E7500AE0AC9 /* MJRefreshAutoFooter.m in Sources */,
				4A52D09D1CD1F02800D2F534 /* TabBarController.m in Sources */,
				4A5B07491CD87CC6001525A0 /* UITableView+SDAutoTableViewCellHeight.m in Sources */,
				4A52D0791CD1A91A00D2F534 /* BabyBluetooth.m in Sources */,
				4A52D09A1CD1EF2000D2F534 /* TabBar.m in Sources */,
				4A52D07B1CD1A91A00D2F534 /* BabyCentralManager.m in Sources */,
				4A52D0A01CD20A9B00D2F534 /* NavController.m in Sources */,
				4A26A06F1CE96E7500AE0AC9 /* MJRefreshGifHeader.m in Sources */,
				4A52D0841CD1AD6B00D2F534 /* DevicesViewController.m in Sources */,
				4A26A06B1CE96E7500AE0AC9 /* MJRefreshAutoStateFooter.m in Sources */,
				4A52D07A1CD1A91A00D2F534 /* BabyCallback.m in Sources */,
				4A495B9D1CDAE7200056CB1B /* BaseViewController.m in Sources */,
				4A52D0961CD1DB0500D2F534 /* RTDragCellTableView.m in Sources */,
				4A26A0671CE96E7500AE0AC9 /* MJRefreshFooter.m in Sources */,
				4A5B073A1CD856C6001525A0 /* ConvertTool.m in Sources */,
				4A26A0691CE96E7500AE0AC9 /* MJRefreshAutoGifFooter.m in Sources */,
				4A32B1B71CD0B9C20025CBA4 /* main.m in Sources */,
				4AC9E44D1CF7EB6E002739B0 /* DisplayView.m in Sources */,
				4A26A0761CE96E7500AE0AC9 /* UIView+MJExtension.m in Sources */,
				4AF434001CE3037E00F4134D /* JUSTBlueToothTool.m in Sources */,
				4A0966B71CF2D04C00F0E7FD /* BlueToothTool.m in Sources */,
				4A26A0751CE96E7500AE0AC9 /* UIScrollView+MJRefresh.m in Sources */,
				4A52D07F1CD1A91A00D2F534 /* BabySpeaker.m in Sources */,
				4AFE09921CD2F93200B5517E /* SVIndefiniteAnimatedView.m in Sources */,
				4A26A0651CE96E7500AE0AC9 /* MJRefreshBackFooter.m in Sources */,
				4A496D811CDC6D680084E69B /* AboutViewController.m in Sources */,
				4A52D07E1CD1A91A00D2F534 /* BabyRhythm.m in Sources */,
				4A26A0681CE96E7500AE0AC9 /* MJRefreshHeader.m in Sources */,
				4A26A06A1CE96E7500AE0AC9 /* MJRefreshAutoNormalFooter.m in Sources */,
				4A44BE5A1CED9F26009E2287 /* FDAlertView.m in Sources */,
				4A5B074A1CD87CC6001525A0 /* UIView+SDAutoLayout.m in Sources */,
				4A26A0661CE96E7500AE0AC9 /* MJRefreshComponent.m in Sources */,
				4AFE09941CD2F93200B5517E /* SVProgressHUD.m in Sources */,
				4A26A06C1CE96E7500AE0AC9 /* MJRefreshBackGifFooter.m in Sources */,
				4A26A0741CE96E7500AE0AC9 /* UIScrollView+MJExtension.m in Sources */,
				4A5B07431CD87B33001525A0 /* PeripheralViewController.m in Sources */,
				4A52D0911CD1B0A300D2F534 /* DeviceTableViewCell.m in Sources */,
				4A26A06E1CE96E7500AE0AC9 /* MJRefreshBackStateFooter.m in Sources */,
				4A26A0711CE96E7500AE0AC9 /* MJRefreshStateHeader.m in Sources */,
				4A52D07D1CD1A91A00D2F534 /* BabyPeripheralManager.m in Sources */,
			);
			runOnlyForDeploymentPostprocessing = 0;
		};
/* End PBXSourcesBuildPhase section */

/* Begin PBXVariantGroup section */
		4A32B1C31CD0B9C20025CBA4 /* LaunchScreen.storyboard */ = {
			isa = PBXVariantGroup;
			children = (
				4A32B1C41CD0B9C20025CBA4 /* Base */,
			);
			name = LaunchScreen.storyboard;
			sourceTree = "<group>";
		};
/* End PBXVariantGroup section */

/* Begin XCBuildConfiguration section */
		4A32B1C71CD0B9C20025CBA4 /* Debug */ = {
			isa = XCBuildConfiguration;
			buildSettings = {
				ALWAYS_SEARCH_USER_PATHS = NO;
				CLANG_ANALYZER_NONNULL = YES;
				CLANG_CXX_LANGUAGE_STANDARD = "gnu++0x";
				CLANG_CXX_LIBRARY = "libc++";
				CLANG_ENABLE_MODULES = YES;
				CLANG_ENABLE_OBJC_ARC = YES;
				CLANG_WARN_BOOL_CONVERSION = YES;
				CLANG_WARN_CONSTANT_CONVERSION = YES;
				CLANG_WARN_DIRECT_OBJC_ISA_USAGE = YES_ERROR;
				CLANG_WARN_EMPTY_BODY = YES;
				CLANG_WARN_ENUM_CONVERSION = YES;
				CLANG_WARN_INT_CONVERSION = YES;
				CLANG_WARN_OBJC_ROOT_CLASS = YES_ERROR;
				CLANG_WARN_UNREACHABLE_CODE = YES;
				CLANG_WARN__DUPLICATE_METHOD_MATCH = YES;
				"CODE_SIGN_IDENTITY[sdk=iphoneos*]" = "iPhone Developer";
				COPY_PHASE_STRIP = NO;
				DEBUG_INFORMATION_FORMAT = dwarf;
				ENABLE_STRICT_OBJC_MSGSEND = YES;
				ENABLE_TESTABILITY = YES;
				GCC_C_LANGUAGE_STANDARD = gnu99;
				GCC_DYNAMIC_NO_PIC = NO;
				GCC_NO_COMMON_BLOCKS = YES;
				GCC_OPTIMIZATION_LEVEL = 0;
				GCC_PREPROCESSOR_DEFINITIONS = (
					"DEBUG=1",
					"$(inherited)",
				);
				GCC_WARN_64_TO_32_BIT_CONVERSION = YES;
				GCC_WARN_ABOUT_RETURN_TYPE = YES_ERROR;
				GCC_WARN_UNDECLARED_SELECTOR = YES;
				GCC_WARN_UNINITIALIZED_AUTOS = YES_AGGRESSIVE;
				GCC_WARN_UNUSED_FUNCTION = YES;
				GCC_WARN_UNUSED_VARIABLE = YES;
				IPHONEOS_DEPLOYMENT_TARGET = 9.3;
				MTL_ENABLE_DEBUG_INFO = YES;
				ONLY_ACTIVE_ARCH = YES;
				PROVISIONING_PROFILE = "cad428d9-c802-4858-9b29-492cd5c9891d";
				SDKROOT = iphoneos;
				TARGETED_DEVICE_FAMILY = "1,2";
			};
			name = Debug;
		};
		4A32B1C81CD0B9C20025CBA4 /* Release */ = {
			isa = XCBuildConfiguration;
			buildSettings = {
				ALWAYS_SEARCH_USER_PATHS = NO;
				CLANG_ANALYZER_NONNULL = YES;
				CLANG_CXX_LANGUAGE_STANDARD = "gnu++0x";
				CLANG_CXX_LIBRARY = "libc++";
				CLANG_ENABLE_MODULES = YES;
				CLANG_ENABLE_OBJC_ARC = YES;
				CLANG_WARN_BOOL_CONVERSION = YES;
				CLANG_WARN_CONSTANT_CONVERSION = YES;
				CLANG_WARN_DIRECT_OBJC_ISA_USAGE = YES_ERROR;
				CLANG_WARN_EMPTY_BODY = YES;
				CLANG_WARN_ENUM_CONVERSION = YES;
				CLANG_WARN_INT_CONVERSION = YES;
				CLANG_WARN_OBJC_ROOT_CLASS = YES_ERROR;
				CLANG_WARN_UNREACHABLE_CODE = YES;
				CLANG_WARN__DUPLICATE_METHOD_MATCH = YES;
				"CODE_SIGN_IDENTITY[sdk=iphoneos*]" = "iPhone Developer";
				COPY_PHASE_STRIP = NO;
				DEBUG_INFORMATION_FORMAT = "dwarf-with-dsym";
				ENABLE_NS_ASSERTIONS = NO;
				ENABLE_STRICT_OBJC_MSGSEND = YES;
				GCC_C_LANGUAGE_STANDARD = gnu99;
				GCC_NO_COMMON_BLOCKS = YES;
				GCC_WARN_64_TO_32_BIT_CONVERSION = YES;
				GCC_WARN_ABOUT_RETURN_TYPE = YES_ERROR;
				GCC_WARN_UNDECLARED_SELECTOR = YES;
				GCC_WARN_UNINITIALIZED_AUTOS = YES_AGGRESSIVE;
				GCC_WARN_UNUSED_FUNCTION = YES;
				GCC_WARN_UNUSED_VARIABLE = YES;
				IPHONEOS_DEPLOYMENT_TARGET = 9.3;
				MTL_ENABLE_DEBUG_INFO = NO;
				PROVISIONING_PROFILE = "cad428d9-c802-4858-9b29-492cd5c9891d";
				SDKROOT = iphoneos;
				TARGETED_DEVICE_FAMILY = "1,2";
				VALIDATE_PRODUCT = YES;
			};
			name = Release;
		};
		4A32B1CA1CD0B9C20025CBA4 /* Debug */ = {
			isa = XCBuildConfiguration;
			buildSettings = {
				ASSETCATALOG_COMPILER_APPICON_NAME = AppIcon;
				CODE_SIGN_IDENTITY = "iPhone Developer";
				"CODE_SIGN_IDENTITY[sdk=iphoneos*]" = "iPhone Developer";
				GCC_PREFIX_HEADER = "$(SRCROOT)/HanKe/HanKe.pch";
				INFOPLIST_FILE = HanKe/Info.plist;
				IPHONEOS_DEPLOYMENT_TARGET = 8.0;
				LD_RUNPATH_SEARCH_PATHS = "$(inherited) @executable_path/Frameworks";
				PRODUCT_BUNDLE_IDENTIFIER = com.just.HKHydro;
				PRODUCT_NAME = "$(TARGET_NAME)";
				PROVISIONING_PROFILE = "";
				TARGETED_DEVICE_FAMILY = 1;
			};
			name = Debug;
		};
		4A32B1CB1CD0B9C20025CBA4 /* Release */ = {
			isa = XCBuildConfiguration;
			buildSettings = {
				ASSETCATALOG_COMPILER_APPICON_NAME = AppIcon;
				CODE_SIGN_IDENTITY = "iPhone Developer";
				"CODE_SIGN_IDENTITY[sdk=iphoneos*]" = "iPhone Developer";
				GCC_PREFIX_HEADER = "$(SRCROOT)/HanKe/HanKe.pch";
				INFOPLIST_FILE = HanKe/Info.plist;
				IPHONEOS_DEPLOYMENT_TARGET = 8.0;
				LD_RUNPATH_SEARCH_PATHS = "$(inherited) @executable_path/Frameworks";
				PRODUCT_BUNDLE_IDENTIFIER = com.just.HKHydro;
				PRODUCT_NAME = "$(TARGET_NAME)";
				PROVISIONING_PROFILE = "";
				TARGETED_DEVICE_FAMILY = 1;
			};
			name = Release;
		};
/* End XCBuildConfiguration section */

/* Begin XCConfigurationList section */
		4A32B1AD1CD0B9C20025CBA4 /* Build configuration list for PBXProject "HanKe" */ = {
			isa = XCConfigurationList;
			buildConfigurations = (
				4A32B1C71CD0B9C20025CBA4 /* Debug */,
				4A32B1C81CD0B9C20025CBA4 /* Release */,
			);
			defaultConfigurationIsVisible = 0;
			defaultConfigurationName = Release;
		};
		4A32B1C91CD0B9C20025CBA4 /* Build configuration list for PBXNativeTarget "HanKe" */ = {
			isa = XCConfigurationList;
			buildConfigurations = (
				4A32B1CA1CD0B9C20025CBA4 /* Debug */,
				4A32B1CB1CD0B9C20025CBA4 /* Release */,
			);
			defaultConfigurationIsVisible = 0;
			defaultConfigurationName = Release;
		};
/* End XCConfigurationList section */
	};
	rootObject = 4A32B1AA1CD0B9C20025CBA4 /* Project object */;
}
